
Microsoft Visual Studio Solution File, Format Version 12.00
# Visual Studio Version 16
VisualStudioVersion = 16.0.30413.136
MinimumVisualStudioVersion = 10.0.40219.1
Project("{FAE04EC0-301F-11D3-BF4B-00C04F79EFBC}") = "SampleEcommerce.Moblie.Android", "SampleEcommerce.Moblie\SampleEcommerce.Moblie.Android\SampleEcommerce.Moblie.Android.csproj", "{A1E93BE6-1638-45CE-901C-AB0B8A5978D1}"
EndProject
Project("{FAE04EC0-301F-11D3-BF4B-00C04F79EFBC}") = "SampleEcommerce.Moblie.iOS", "SampleEcommerce.Moblie\SampleEcommerce.Moblie.iOS\SampleEcommerce.Moblie.iOS.csproj", "{45E70A0E-2B4F-4A06-B71D-019370808F2F}"
EndProject
Project("{FAE04EC0-301F-11D3-BF4B-00C04F79EFBC}") = "SampleEcommerce.Moblie", "SampleEcommerce.Moblie\SampleEcommerce.Moblie\SampleEcommerce.Moblie.csproj", "{127CB7AD-7619-42E4-BFD1-8D7DBF38187A}"
EndProject
Global
	GlobalSection(SolutionConfigurationPlatforms) = preSolution
		Debug|Any CPU = Debug|Any CPU
		Debug|iPhone = Debug|iPhone
		Debug|iPhoneSimulator = Debug|iPhoneSimulator
		Release|Any CPU = Release|Any CPU
		Release|iPhone = Release|iPhone
		Release|iPhoneSimulator = Release|iPhoneSimulator
	EndGlobalSection
	GlobalSection(ProjectConfigurationPlatforms) = postSolution
		{A1E93BE6-1638-45CE-901C-AB0B8A5978D1}.Debug|Any CPU.ActiveCfg = Debug|Any CPU
		{A1E93BE6-1638-45CE-901C-AB0B8A5978D1}.Debug|Any CPU.Build.0 = Debug|Any CPU
		{A1E93BE6-1638-45CE-901C-AB0B8A5978D1}.Debug|Any CPU.Deploy.0 = Debug|Any CPU
		{A1E93BE6-1638-45CE-901C-AB0B8A5978D1}.Debug|iPhone.ActiveCfg = Debug|Any CPU
		{A1E93BE6-1638-45CE-901C-AB0B8A5978D1}.Debug|iPhone.Build.0 = Debug|Any CPU
		{A1E93BE6-1638-45CE-901C-AB0B8A5978D1}.Debug|iPhone.Deploy.0 = Debug|Any CPU
		{A1E93BE6-1638-45CE-901C-AB0B8A5978D1}.Debug|iPhoneSimulator.ActiveCfg = Debug|Any CPU
		{A1E93BE6-1638-45CE-901C-AB0B8A5978D1}.Debug|iPhoneSimulator.Build.0 = Debug|Any CPU
		{A1E93BE6-1638-45CE-901C-AB0B8A5978D1}.Debug|iPhoneSimulator.Deploy.0 = Debug|Any CPU
		{A1E93BE6-1638-45CE-901C-AB0B8A5978D1}.Release|Any CPU.ActiveCfg = Release|Any CPU
		{A1E93BE6-1638-45CE-901C-AB0B8A5978D1}.Release|Any CPU.Build.0 = Release|Any CPU
		{A1E93BE6-1638-45CE-901C-AB0B8A5978D1}.Release|Any CPU.Deploy.0 = Release|Any CPU
		{A1E93BE6-1638-45CE-901C-AB0B8A5978D1}.Release|iPhone.ActiveCfg = Release|Any CPU
		{A1E93BE6-1638-45CE-901C-AB0B8A5978D1}.Release|iPhone.Build.0 = Release|Any CPU
		{A1E93BE6-1638-45CE-901C-AB0B8A5978D1}.Release|iPhone.Deploy.0 = Release|Any CPU
		{A1E93BE6-1638-45CE-901C-AB0B8A5978D1}.Release|iPhoneSimulator.ActiveCfg = Release|Any CPU
		{A1E93BE6-1638-45CE-901C-AB0B8A5978D1}.Release|iPhoneSimulator.Build.0 = Release|Any CPU
		{A1E93BE6-1638-45CE-901C-AB0B8A5978D1}.Release|iPhoneSimulator.Deploy.0 = Release|Any CPU
		{45E70A0E-2B4F-4A06-B71D-019370808F2F}.Debug|Any CPU.ActiveCfg = Debug|iPhone
		{45E70A0E-2B4F-4A06-B71D-019370808F2F}.Debug|Any CPU.Build.0 = Debug|iPhone
		{45E70A0E-2B4F-4A06-B71D-019370808F2F}.Debug|Any CPU.Deploy.0 = Debug|iPhone
		{45E70A0E-2B4F-4A06-B71D-019370808F2F}.Debug|iPhone.ActiveCfg = Debug|iPhone
		{45E70A0E-2B4F-4A06-B71D-019370808F2F}.Debug|iPhone.Build.0 = Debug|iPhone
		{45E70A0E-2B4F-4A06-B71D-019370808F2F}.Debug|iPhone.Deploy.0 = Debug|iPhone
		{45E70A0E-2B4F-4A06-B71D-019370808F2F}.Debug|iPhoneSimulator.ActiveCfg = Debug|iPhoneSimulator
		{45E70A0E-2B4F-4A06-B71D-019370808F2F}.Debug|iPhoneSimulator.Build.0 = Debug|iPhoneSimulator
		{45E70A0E-2B4F-4A06-B71D-019370808F2F}.Debug|iPhoneSimulator.Deploy.0 = Debug|iPhoneSimulator
		{45E70A0E-2B4F-4A06-B71D-019370808F2F}.Release|Any CPU.ActiveCfg = Release|iPhone
		{45E70A0E-2B4F-4A06-B71D-019370808F2F}.Release|Any CPU.Build.0 = Release|iPhone
		{45E70A0E-2B4F-4A06-B71D-019370808F2F}.Release|Any CPU.Deploy.0 = Release|iPhone
		{45E70A0E-2B4F-4A06-B71D-019370808F2F}.Release|iPhone.ActiveCfg = Release|iPhone
		{45E70A0E-2B4F-4A06-B71D-019370808F2F}.Release|iPhone.Build.0 = Release|iPhone
		{45E70A0E-2B4F-4A06-B71D-019370808F2F}.Release|iPhone.Deploy.0 = Release|iPhone
		{45E70A0E-2B4F-4A06-B71D-019370808F2F}.Release|iPhoneSimulator.ActiveCfg = Release|iPhoneSimulator
		{45E70A0E-2B4F-4A06-B71D-019370808F2F}.Release|iPhoneSimulator.Build.0 = Release|iPhoneSimulator
		{45E70A0E-2B4F-4A06-B71D-019370808F2F}.Release|iPhoneSimulator.Deploy.0 = Release|iPhoneSimulator
		{127CB7AD-7619-42E4-BFD1-8D7DBF38187A}.Debug|Any CPU.ActiveCfg = Debug|Any CPU
		{127CB7AD-7619-42E4-BFD1-8D7DBF38187A}.Debug|Any CPU.Build.0 = Debug|Any CPU
		{127CB7AD-7619-42E4-BFD1-8D7DBF38187A}.Debug|Any CPU.Deploy.0 = Debug|Any CPU
		{127CB7AD-7619-42E4-BFD1-8D7DBF38187A}.Debug|iPhone.ActiveCfg = Debug|Any CPU
		{127CB7AD-7619-42E4-BFD1-8D7DBF38187A}.Debug|iPhone.Build.0 = Debug|Any CPU
		{127CB7AD-7619-42E4-BFD1-8D7DBF38187A}.Debug|iPhone.Deploy.0 = Debug|Any CPU
		{127CB7AD-7619-42E4-BFD1-8D7DBF38187A}.Debug|iPhoneSimulator.ActiveCfg = Debug|Any CPU
		{127CB7AD-7619-42E4-BFD1-8D7DBF38187A}.Debug|iPhoneSimulator.Build.0 = Debug|Any CPU
		{127CB7AD-7619-42E4-BFD1-8D7DBF38187A}.Debug|iPhoneSimulator.Deploy.0 = Debug|Any CPU
		{127CB7AD-7619-42E4-BFD1-8D7DBF38187A}.Release|Any CPU.ActiveCfg = Release|Any CPU
		{127CB7AD-7619-42E4-BFD1-8D7DBF38187A}.Release|Any CPU.Build.0 = Release|Any CPU
		{127CB7AD-7619-42E4-BFD1-8D7DBF38187A}.Release|Any CPU.Deploy.0 = Release|Any CPU
		{127CB7AD-7619-42E4-BFD1-8D7DBF38187A}.Release|iPhone.ActiveCfg = Release|Any CPU
		{127CB7AD-7619-42E4-BFD1-8D7DBF38187A}.Release|iPhone.Build.0 = Release|Any CPU
		{127CB7AD-7619-42E4-BFD1-8D7DBF38187A}.Release|iPhone.Deploy.0 = Release|Any CPU
		{127CB7AD-7619-42E4-BFD1-8D7DBF38187A}.Release|iPhoneSimulator.ActiveCfg = Release|Any CPU
		{127CB7AD-7619-42E4-BFD1-8D7DBF38187A}.Release|iPhoneSimulator.Build.0 = Release|Any CPU
		{127CB7AD-7619-42E4-BFD1-8D7DBF38187A}.Release|iPhoneSimulator.Deploy.0 = Release|Any CPU
	EndGlobalSection
	GlobalSection(SolutionProperties) = preSolution
		HideSolutionNode = FALSE
	EndGlobalSection
	GlobalSection(ExtensibilityGlobals) = postSolution
		SolutionGuid = {D0AD6596-5684-425E-8469-B6CC3D1C1775}
	EndGlobalSection
EndGlobal
