
Microsoft Visual Studio Solution File, Format Version 12.00
# Visual Studio Version 16
VisualStudioVersion = 16.0.30320.27
MinimumVisualStudioVersion = 10.0.40219.1
Project("{2150E333-8FDC-42A3-9474-1A3956D46DE8}") = "src", "src", "{76CAAE3D-06D5-4B1B-87F5-9BE736B8AE31}"
EndProject
Project("{2150E333-8FDC-42A3-9474-1A3956D46DE8}") = "Services", "Services", "{9A46FD52-5EDF-4FD9-9E49-2E8105EE0D5E}"
EndProject
Project("{2150E333-8FDC-42A3-9474-1A3956D46DE8}") = "Cart", "Cart", "{01DE3FD9-2797-42DA-BD83-32047EE8CC01}"
EndProject
Project("{2150E333-8FDC-42A3-9474-1A3956D46DE8}") = "Catalog", "Catalog", "{4841BCEF-0313-493C-AEF7-DD3B15F1E67A}"
EndProject
Project("{2150E333-8FDC-42A3-9474-1A3956D46DE8}") = "CustomerAccount", "CustomerAccount", "{B63B9619-EFAC-4A57-9FC4-F646C7F4A3F0}"
EndProject
Project("{2150E333-8FDC-42A3-9474-1A3956D46DE8}") = "Delivery", "Delivery", "{8E299DEC-F131-41D7-BFEE-7840E26870F2}"
EndProject
Project("{2150E333-8FDC-42A3-9474-1A3956D46DE8}") = "Inventory", "Inventory", "{78C7CC33-C0AB-41A1-8599-3F123D4ED693}"
EndProject
Project("{2150E333-8FDC-42A3-9474-1A3956D46DE8}") = "ProductPricing", "ProductPricing", "{46DA47E0-F910-4ED0-9580-EA479B9C7D7F}"
EndProject
Project("{2150E333-8FDC-42A3-9474-1A3956D46DE8}") = "Promotions", "Promotions", "{99BCAB61-EB4F-466D-AD97-0ABF91A701D9}"
EndProject
Project("{9A19103F-16F7-4668-BE54-9A1E7A4F7556}") = "Cart.Api", "src\Backend\Services\Cart\Cart.Api\Cart.Api.csproj", "{4797C448-E65E-428D-A264-B8691312ADFA}"
EndProject
Project("{9A19103F-16F7-4668-BE54-9A1E7A4F7556}") = "Cart.FunctionalTests", "src\Backend\Services\Cart\Cart.FunctionalTests\Cart.FunctionalTests.csproj", "{E3E71A64-B928-443D-9C98-93A29E41CEFB}"
EndProject
Project("{9A19103F-16F7-4668-BE54-9A1E7A4F7556}") = "Cart.UnitTests", "src\Backend\Services\Cart\Cart.UnitTests\Cart.UnitTests.csproj", "{B1481E7E-675E-4F7F-BBD6-A94E6B6D60B1}"
EndProject
Project("{9A19103F-16F7-4668-BE54-9A1E7A4F7556}") = "Catalog.Api", "src\Backend\Services\Catalog\Catalog.Api\Catalog.Api.csproj", "{A4A2A1CD-4D67-4769-9728-AF12542BBE00}"
EndProject
Project("{9A19103F-16F7-4668-BE54-9A1E7A4F7556}") = "Catalog.FunctionalTests", "src\Backend\Services\Catalog\Catalog.FunctionalTests\Catalog.FunctionalTests.csproj", "{0F67DA38-C78B-447B-A6F6-41229BAF03CD}"
EndProject
Project("{9A19103F-16F7-4668-BE54-9A1E7A4F7556}") = "Catalog.UnitTests", "src\Backend\Services\Catalog\Catalog.UnitTests\Catalog.UnitTests.csproj", "{1DE3B1E2-FE01-4AD2-95FC-C5E8A31132FF}"
EndProject
Project("{9A19103F-16F7-4668-BE54-9A1E7A4F7556}") = "CustomerAccount.Api", "src\Backend\Services\CustomerAccount\CustomerAccount.Api\CustomerAccount.Api.csproj", "{29A4554F-3435-4312-8E82-A2F66204B787}"
EndProject
Project("{9A19103F-16F7-4668-BE54-9A1E7A4F7556}") = "CustomerAccount.FunctionalTests", "src\Backend\Services\CustomerAccount\CustomerAccount.FunctionalTests\CustomerAccount.FunctionalTests.csproj", "{99DAE86D-6DAA-46A2-9002-5DE824B10212}"
EndProject
Project("{9A19103F-16F7-4668-BE54-9A1E7A4F7556}") = "CustomerAccount.UnitTests", "src\Backend\Services\CustomerAccount\CustomerAccount.UnitTests\CustomerAccount.UnitTests.csproj", "{98D428AD-2E2E-4C58-8A35-FE6936F2ECDF}"
EndProject
Project("{9A19103F-16F7-4668-BE54-9A1E7A4F7556}") = "Delivery.Api", "src\Backend\Services\Delivery\Delivery.Api\Delivery.Api.csproj", "{2B6E2232-DAE1-4FA9-B464-53DAC95D1EC4}"
EndProject
Project("{9A19103F-16F7-4668-BE54-9A1E7A4F7556}") = "Delivery.FunctionalTests", "src\Backend\Services\Delivery\Delivery.FunctionalTests\Delivery.FunctionalTests.csproj", "{9469F0D2-DDCD-443C-95F1-EB05050F2461}"
EndProject
Project("{9A19103F-16F7-4668-BE54-9A1E7A4F7556}") = "Delivery.UnitTests", "src\Backend\Services\Delivery\Delivery.UnitTests\Delivery.UnitTests.csproj", "{DC5FB7F5-4752-4DD6-8053-385E5EACDAEB}"
EndProject
Project("{9A19103F-16F7-4668-BE54-9A1E7A4F7556}") = "Inventory.Api", "src\Backend\Services\Inventory\Inventory.Api\Inventory.Api.csproj", "{C8FD4683-E723-4057-A04D-2EB1CAF00E86}"
EndProject
Project("{9A19103F-16F7-4668-BE54-9A1E7A4F7556}") = "Inventory.FunctionalTests", "src\Backend\Services\Inventory\Inventory.FunctionalTests\Inventory.FunctionalTests.csproj", "{8DC33E23-EB5D-4554-B1DD-4F0B60F94C29}"
EndProject
Project("{9A19103F-16F7-4668-BE54-9A1E7A4F7556}") = "Inventory.UnitTests", "src\Backend\Services\Inventory\Inventory.UnitTests\Inventory.UnitTests.csproj", "{920BAB93-E97E-4513-B8C2-1F779C2B597D}"
EndProject
Project("{9A19103F-16F7-4668-BE54-9A1E7A4F7556}") = "ProductPricing.Api", "src\Backend\Services\ProductPricing\ProductPricing.Api\ProductPricing.Api.csproj", "{837588E4-1FB2-45A2-9849-CD71B7EC0235}"
EndProject
Project("{9A19103F-16F7-4668-BE54-9A1E7A4F7556}") = "ProductPricing.FunctionalTests", "src\Backend\Services\ProductPricing\ProductPricing.FunctionalTests\ProductPricing.FunctionalTests.csproj", "{BA9631DF-CC2F-48E7-BC22-289E5A74665D}"
EndProject
Project("{9A19103F-16F7-4668-BE54-9A1E7A4F7556}") = "ProductPricing.UnitTests", "src\Backend\Services\ProductPricing\ProductPricing.UnitTests\ProductPricing.UnitTests.csproj", "{1493CC4F-6782-482A-AFB7-65C9126AB9F0}"
EndProject
Project("{9A19103F-16F7-4668-BE54-9A1E7A4F7556}") = "Promotions.Api", "src\Backend\Services\Promotions\Promotions.Api\Promotions.Api.csproj", "{FB787CA4-4A4F-44CA-8EA9-C3007EF66AD8}"
EndProject
Project("{9A19103F-16F7-4668-BE54-9A1E7A4F7556}") = "Promotions.FunctionalTests", "src\Backend\Services\Promotions\Promotions.FunctionalTests\Promotions.FunctionalTests.csproj", "{27146493-5A0E-42D1-9118-DF21E233490A}"
EndProject
Project("{9A19103F-16F7-4668-BE54-9A1E7A4F7556}") = "Promotions.UnitTests", "src\Backend\Services\Promotions\Promotions.UnitTests\Promotions.UnitTests.csproj", "{9B9265C6-58B8-408D-88E3-9F285388CF02}"
EndProject
Project("{2150E333-8FDC-42A3-9474-1A3956D46DE8}") = "Solution Items", "Solution Items", "{9D410A44-4C0C-4D21-9B36-3739CF0AFD44}"
	ProjectSection(SolutionItems) = preProject
		.dockerignore = .dockerignore
		.gitattributes = .gitattributes
		.gitignore = .gitignore
	EndProjectSection
EndProject
Project("{2150E333-8FDC-42A3-9474-1A3956D46DE8}") = "art", "art", "{3E8605C6-B479-4B34-9960-C779B3E9F84D}"
	ProjectSection(SolutionItems) = preProject
		art\ECommerceArchitecture.png = art\ECommerceArchitecture.png
		art\MobileLoginPage.png = art\MobileLoginPage.png
		art\MobileSignUpPage.png = art\MobileSignUpPage.png
	EndProjectSection
EndProject
Global
	GlobalSection(SolutionConfigurationPlatforms) = preSolution
		Debug|Any CPU = Debug|Any CPU
		Release|Any CPU = Release|Any CPU
	EndGlobalSection
	GlobalSection(ProjectConfigurationPlatforms) = postSolution
		{4797C448-E65E-428D-A264-B8691312ADFA}.Debug|Any CPU.ActiveCfg = Debug|Any CPU
		{4797C448-E65E-428D-A264-B8691312ADFA}.Debug|Any CPU.Build.0 = Debug|Any CPU
		{4797C448-E65E-428D-A264-B8691312ADFA}.Release|Any CPU.ActiveCfg = Release|Any CPU
		{4797C448-E65E-428D-A264-B8691312ADFA}.Release|Any CPU.Build.0 = Release|Any CPU
		{E3E71A64-B928-443D-9C98-93A29E41CEFB}.Debug|Any CPU.ActiveCfg = Debug|Any CPU
		{E3E71A64-B928-443D-9C98-93A29E41CEFB}.Debug|Any CPU.Build.0 = Debug|Any CPU
		{E3E71A64-B928-443D-9C98-93A29E41CEFB}.Release|Any CPU.ActiveCfg = Release|Any CPU
		{E3E71A64-B928-443D-9C98-93A29E41CEFB}.Release|Any CPU.Build.0 = Release|Any CPU
		{B1481E7E-675E-4F7F-BBD6-A94E6B6D60B1}.Debug|Any CPU.ActiveCfg = Debug|Any CPU
		{B1481E7E-675E-4F7F-BBD6-A94E6B6D60B1}.Debug|Any CPU.Build.0 = Debug|Any CPU
		{B1481E7E-675E-4F7F-BBD6-A94E6B6D60B1}.Release|Any CPU.ActiveCfg = Release|Any CPU
		{B1481E7E-675E-4F7F-BBD6-A94E6B6D60B1}.Release|Any CPU.Build.0 = Release|Any CPU
		{A4A2A1CD-4D67-4769-9728-AF12542BBE00}.Debug|Any CPU.ActiveCfg = Debug|Any CPU
		{A4A2A1CD-4D67-4769-9728-AF12542BBE00}.Debug|Any CPU.Build.0 = Debug|Any CPU
		{A4A2A1CD-4D67-4769-9728-AF12542BBE00}.Release|Any CPU.ActiveCfg = Release|Any CPU
		{A4A2A1CD-4D67-4769-9728-AF12542BBE00}.Release|Any CPU.Build.0 = Release|Any CPU
		{0F67DA38-C78B-447B-A6F6-41229BAF03CD}.Debug|Any CPU.ActiveCfg = Debug|Any CPU
		{0F67DA38-C78B-447B-A6F6-41229BAF03CD}.Debug|Any CPU.Build.0 = Debug|Any CPU
		{0F67DA38-C78B-447B-A6F6-41229BAF03CD}.Release|Any CPU.ActiveCfg = Release|Any CPU
		{0F67DA38-C78B-447B-A6F6-41229BAF03CD}.Release|Any CPU.Build.0 = Release|Any CPU
		{1DE3B1E2-FE01-4AD2-95FC-C5E8A31132FF}.Debug|Any CPU.ActiveCfg = Debug|Any CPU
		{1DE3B1E2-FE01-4AD2-95FC-C5E8A31132FF}.Debug|Any CPU.Build.0 = Debug|Any CPU
		{1DE3B1E2-FE01-4AD2-95FC-C5E8A31132FF}.Release|Any CPU.ActiveCfg = Release|Any CPU
		{1DE3B1E2-FE01-4AD2-95FC-C5E8A31132FF}.Release|Any CPU.Build.0 = Release|Any CPU
		{29A4554F-3435-4312-8E82-A2F66204B787}.Debug|Any CPU.ActiveCfg = Debug|Any CPU
		{29A4554F-3435-4312-8E82-A2F66204B787}.Debug|Any CPU.Build.0 = Debug|Any CPU
		{29A4554F-3435-4312-8E82-A2F66204B787}.Release|Any CPU.ActiveCfg = Release|Any CPU
		{29A4554F-3435-4312-8E82-A2F66204B787}.Release|Any CPU.Build.0 = Release|Any CPU
		{99DAE86D-6DAA-46A2-9002-5DE824B10212}.Debug|Any CPU.ActiveCfg = Debug|Any CPU
		{99DAE86D-6DAA-46A2-9002-5DE824B10212}.Debug|Any CPU.Build.0 = Debug|Any CPU
		{99DAE86D-6DAA-46A2-9002-5DE824B10212}.Release|Any CPU.ActiveCfg = Release|Any CPU
		{99DAE86D-6DAA-46A2-9002-5DE824B10212}.Release|Any CPU.Build.0 = Release|Any CPU
		{98D428AD-2E2E-4C58-8A35-FE6936F2ECDF}.Debug|Any CPU.ActiveCfg = Debug|Any CPU
		{98D428AD-2E2E-4C58-8A35-FE6936F2ECDF}.Debug|Any CPU.Build.0 = Debug|Any CPU
		{98D428AD-2E2E-4C58-8A35-FE6936F2ECDF}.Release|Any CPU.ActiveCfg = Release|Any CPU
		{98D428AD-2E2E-4C58-8A35-FE6936F2ECDF}.Release|Any CPU.Build.0 = Release|Any CPU
		{2B6E2232-DAE1-4FA9-B464-53DAC95D1EC4}.Debug|Any CPU.ActiveCfg = Debug|Any CPU
		{2B6E2232-DAE1-4FA9-B464-53DAC95D1EC4}.Debug|Any CPU.Build.0 = Debug|Any CPU
		{2B6E2232-DAE1-4FA9-B464-53DAC95D1EC4}.Release|Any CPU.ActiveCfg = Release|Any CPU
		{2B6E2232-DAE1-4FA9-B464-53DAC95D1EC4}.Release|Any CPU.Build.0 = Release|Any CPU
		{9469F0D2-DDCD-443C-95F1-EB05050F2461}.Debug|Any CPU.ActiveCfg = Debug|Any CPU
		{9469F0D2-DDCD-443C-95F1-EB05050F2461}.Debug|Any CPU.Build.0 = Debug|Any CPU
		{9469F0D2-DDCD-443C-95F1-EB05050F2461}.Release|Any CPU.ActiveCfg = Release|Any CPU
		{9469F0D2-DDCD-443C-95F1-EB05050F2461}.Release|Any CPU.Build.0 = Release|Any CPU
		{DC5FB7F5-4752-4DD6-8053-385E5EACDAEB}.Debug|Any CPU.ActiveCfg = Debug|Any CPU
		{DC5FB7F5-4752-4DD6-8053-385E5EACDAEB}.Debug|Any CPU.Build.0 = Debug|Any CPU
		{DC5FB7F5-4752-4DD6-8053-385E5EACDAEB}.Release|Any CPU.ActiveCfg = Release|Any CPU
		{DC5FB7F5-4752-4DD6-8053-385E5EACDAEB}.Release|Any CPU.Build.0 = Release|Any CPU
		{C8FD4683-E723-4057-A04D-2EB1CAF00E86}.Debug|Any CPU.ActiveCfg = Debug|Any CPU
		{C8FD4683-E723-4057-A04D-2EB1CAF00E86}.Debug|Any CPU.Build.0 = Debug|Any CPU
		{C8FD4683-E723-4057-A04D-2EB1CAF00E86}.Release|Any CPU.ActiveCfg = Release|Any CPU
		{C8FD4683-E723-4057-A04D-2EB1CAF00E86}.Release|Any CPU.Build.0 = Release|Any CPU
		{8DC33E23-EB5D-4554-B1DD-4F0B60F94C29}.Debug|Any CPU.ActiveCfg = Debug|Any CPU
		{8DC33E23-EB5D-4554-B1DD-4F0B60F94C29}.Debug|Any CPU.Build.0 = Debug|Any CPU
		{8DC33E23-EB5D-4554-B1DD-4F0B60F94C29}.Release|Any CPU.ActiveCfg = Release|Any CPU
		{8DC33E23-EB5D-4554-B1DD-4F0B60F94C29}.Release|Any CPU.Build.0 = Release|Any CPU
		{920BAB93-E97E-4513-B8C2-1F779C2B597D}.Debug|Any CPU.ActiveCfg = Debug|Any CPU
		{920BAB93-E97E-4513-B8C2-1F779C2B597D}.Debug|Any CPU.Build.0 = Debug|Any CPU
		{920BAB93-E97E-4513-B8C2-1F779C2B597D}.Release|Any CPU.ActiveCfg = Release|Any CPU
		{920BAB93-E97E-4513-B8C2-1F779C2B597D}.Release|Any CPU.Build.0 = Release|Any CPU
		{837588E4-1FB2-45A2-9849-CD71B7EC0235}.Debug|Any CPU.ActiveCfg = Debug|Any CPU
		{837588E4-1FB2-45A2-9849-CD71B7EC0235}.Debug|Any CPU.Build.0 = Debug|Any CPU
		{837588E4-1FB2-45A2-9849-CD71B7EC0235}.Release|Any CPU.ActiveCfg = Release|Any CPU
		{837588E4-1FB2-45A2-9849-CD71B7EC0235}.Release|Any CPU.Build.0 = Release|Any CPU
		{BA9631DF-CC2F-48E7-BC22-289E5A74665D}.Debug|Any CPU.ActiveCfg = Debug|Any CPU
		{BA9631DF-CC2F-48E7-BC22-289E5A74665D}.Debug|Any CPU.Build.0 = Debug|Any CPU
		{BA9631DF-CC2F-48E7-BC22-289E5A74665D}.Release|Any CPU.ActiveCfg = Release|Any CPU
		{BA9631DF-CC2F-48E7-BC22-289E5A74665D}.Release|Any CPU.Build.0 = Release|Any CPU
		{1493CC4F-6782-482A-AFB7-65C9126AB9F0}.Debug|Any CPU.ActiveCfg = Debug|Any CPU
		{1493CC4F-6782-482A-AFB7-65C9126AB9F0}.Debug|Any CPU.Build.0 = Debug|Any CPU
		{1493CC4F-6782-482A-AFB7-65C9126AB9F0}.Release|Any CPU.ActiveCfg = Release|Any CPU
		{1493CC4F-6782-482A-AFB7-65C9126AB9F0}.Release|Any CPU.Build.0 = Release|Any CPU
		{FB787CA4-4A4F-44CA-8EA9-C3007EF66AD8}.Debug|Any CPU.ActiveCfg = Debug|Any CPU
		{FB787CA4-4A4F-44CA-8EA9-C3007EF66AD8}.Debug|Any CPU.Build.0 = Debug|Any CPU
		{FB787CA4-4A4F-44CA-8EA9-C3007EF66AD8}.Release|Any CPU.ActiveCfg = Release|Any CPU
		{FB787CA4-4A4F-44CA-8EA9-C3007EF66AD8}.Release|Any CPU.Build.0 = Release|Any CPU
		{27146493-5A0E-42D1-9118-DF21E233490A}.Debug|Any CPU.ActiveCfg = Debug|Any CPU
		{27146493-5A0E-42D1-9118-DF21E233490A}.Debug|Any CPU.Build.0 = Debug|Any CPU
		{27146493-5A0E-42D1-9118-DF21E233490A}.Release|Any CPU.ActiveCfg = Release|Any CPU
		{27146493-5A0E-42D1-9118-DF21E233490A}.Release|Any CPU.Build.0 = Release|Any CPU
		{9B9265C6-58B8-408D-88E3-9F285388CF02}.Debug|Any CPU.ActiveCfg = Debug|Any CPU
		{9B9265C6-58B8-408D-88E3-9F285388CF02}.Debug|Any CPU.Build.0 = Debug|Any CPU
		{9B9265C6-58B8-408D-88E3-9F285388CF02}.Release|Any CPU.ActiveCfg = Release|Any CPU
		{9B9265C6-58B8-408D-88E3-9F285388CF02}.Release|Any CPU.Build.0 = Release|Any CPU
	EndGlobalSection
	GlobalSection(SolutionProperties) = preSolution
		HideSolutionNode = FALSE
	EndGlobalSection
	GlobalSection(NestedProjects) = preSolution
		{9A46FD52-5EDF-4FD9-9E49-2E8105EE0D5E} = {76CAAE3D-06D5-4B1B-87F5-9BE736B8AE31}
		{01DE3FD9-2797-42DA-BD83-32047EE8CC01} = {9A46FD52-5EDF-4FD9-9E49-2E8105EE0D5E}
		{4841BCEF-0313-493C-AEF7-DD3B15F1E67A} = {9A46FD52-5EDF-4FD9-9E49-2E8105EE0D5E}
		{B63B9619-EFAC-4A57-9FC4-F646C7F4A3F0} = {9A46FD52-5EDF-4FD9-9E49-2E8105EE0D5E}
		{8E299DEC-F131-41D7-BFEE-7840E26870F2} = {9A46FD52-5EDF-4FD9-9E49-2E8105EE0D5E}
		{78C7CC33-C0AB-41A1-8599-3F123D4ED693} = {9A46FD52-5EDF-4FD9-9E49-2E8105EE0D5E}
		{46DA47E0-F910-4ED0-9580-EA479B9C7D7F} = {9A46FD52-5EDF-4FD9-9E49-2E8105EE0D5E}
		{99BCAB61-EB4F-466D-AD97-0ABF91A701D9} = {9A46FD52-5EDF-4FD9-9E49-2E8105EE0D5E}
		{4797C448-E65E-428D-A264-B8691312ADFA} = {01DE3FD9-2797-42DA-BD83-32047EE8CC01}
		{E3E71A64-B928-443D-9C98-93A29E41CEFB} = {01DE3FD9-2797-42DA-BD83-32047EE8CC01}
		{B1481E7E-675E-4F7F-BBD6-A94E6B6D60B1} = {01DE3FD9-2797-42DA-BD83-32047EE8CC01}
		{A4A2A1CD-4D67-4769-9728-AF12542BBE00} = {4841BCEF-0313-493C-AEF7-DD3B15F1E67A}
		{0F67DA38-C78B-447B-A6F6-41229BAF03CD} = {4841BCEF-0313-493C-AEF7-DD3B15F1E67A}
		{1DE3B1E2-FE01-4AD2-95FC-C5E8A31132FF} = {4841BCEF-0313-493C-AEF7-DD3B15F1E67A}
		{29A4554F-3435-4312-8E82-A2F66204B787} = {B63B9619-EFAC-4A57-9FC4-F646C7F4A3F0}
		{99DAE86D-6DAA-46A2-9002-5DE824B10212} = {B63B9619-EFAC-4A57-9FC4-F646C7F4A3F0}
		{98D428AD-2E2E-4C58-8A35-FE6936F2ECDF} = {B63B9619-EFAC-4A57-9FC4-F646C7F4A3F0}
		{2B6E2232-DAE1-4FA9-B464-53DAC95D1EC4} = {8E299DEC-F131-41D7-BFEE-7840E26870F2}
		{9469F0D2-DDCD-443C-95F1-EB05050F2461} = {8E299DEC-F131-41D7-BFEE-7840E26870F2}
		{DC5FB7F5-4752-4DD6-8053-385E5EACDAEB} = {8E299DEC-F131-41D7-BFEE-7840E26870F2}
		{C8FD4683-E723-4057-A04D-2EB1CAF00E86} = {78C7CC33-C0AB-41A1-8599-3F123D4ED693}
		{8DC33E23-EB5D-4554-B1DD-4F0B60F94C29} = {78C7CC33-C0AB-41A1-8599-3F123D4ED693}
		{920BAB93-E97E-4513-B8C2-1F779C2B597D} = {78C7CC33-C0AB-41A1-8599-3F123D4ED693}
		{837588E4-1FB2-45A2-9849-CD71B7EC0235} = {46DA47E0-F910-4ED0-9580-EA479B9C7D7F}
		{BA9631DF-CC2F-48E7-BC22-289E5A74665D} = {46DA47E0-F910-4ED0-9580-EA479B9C7D7F}
		{1493CC4F-6782-482A-AFB7-65C9126AB9F0} = {46DA47E0-F910-4ED0-9580-EA479B9C7D7F}
		{FB787CA4-4A4F-44CA-8EA9-C3007EF66AD8} = {99BCAB61-EB4F-466D-AD97-0ABF91A701D9}
		{27146493-5A0E-42D1-9118-DF21E233490A} = {99BCAB61-EB4F-466D-AD97-0ABF91A701D9}
		{9B9265C6-58B8-408D-88E3-9F285388CF02} = {99BCAB61-EB4F-466D-AD97-0ABF91A701D9}
	EndGlobalSection
	GlobalSection(ExtensibilityGlobals) = postSolution
		SolutionGuid = {DD206354-F2E5-4C96-AE0D-39FC833B467B}
	EndGlobalSection
EndGlobal
